{
  "name": "example_app_js",
  "requires": true,
  "lockfileVersion": 1,
  "dependencies": {
    "core-js": {
      "version": "3.0.1",
      "resolved": "https://registry.npmjs.org/core-js/-/core-js-3.0.1.tgz",
      "integrity": "sha512-sco40rF+2KlE0ROMvydjkrVMMG1vYilP2ALoRXcYR4obqbYIuV3Bg+51GEDW+HF8n7NRA+iaA4qD0nD9lo9mew=="
    },
    "performance-now": {
      "version": "2.1.0",
      "resolved": "https://registry.npmjs.org/performance-now/-/performance-now-2.1.0.tgz",
      "integrity": "sha1-Ywn04OX6kT7BxpMHrjZLSzd8nns="
    },
    "raf": {
      "version": "3.4.1",
      "resolved": "https://registry.npmjs.org/raf/-/raf-3.4.1.tgz",
      "integrity": "sha512-Sq4CW4QhwOHE8ucn6J34MqtZCeWFP2aQSmrlroYgqAV1PjStIhJXxYuTgUIfkEk7zTLjmIjLmU5q+fbD1NnOJA==",
      "requires": {
        "performance-now": "^2.1.0"
      }
    },
    "react-scrollchor": {
      "version": "6.0.0",
      "resolved": "https://registry.npmjs.org/react-scrollchor/-/react-scrollchor-6.0.0.tgz",
      "integrity": "sha512-Ryc3SoxG/urLrqQ4rFIsj1nWfW9pPGZK30CSlJ670zJWpPFQtVfYOmiZmQUwY96P8L+LcCVmV4q1ZdBlZsuW/Q==",
      "requires": {
        "requestanimationframe-timer": "1.x.x"
      }
    },
    "requestanimationframe-timer": {
      "version": "1.0.4",
      "resolved": "https://registry.npmjs.org/requestanimationframe-timer/-/requestanimationframe-timer-1.0.4.tgz",
      "integrity": "sha512-5ehtMkIS7RLI/UxjgAEZg6zGLoRdSSzfwjwowpBRImAr8Rbs2pdcS/4tmJ7CAtvYjtO/H+ui96AMkyefzUqUlQ==",
      "requires": {
        "raf": "^3.4.0"
      }
    },
    "scrivito-adv-button": {
      "version": "1.0.7",
      "resolved": "https://registry.npmjs.org/scrivito-adv-button/-/scrivito-adv-button-1.0.7.tgz",
      "integrity": "sha512-I8jfaViz8lHeuFandmKIqoGT6Uxb5y3UV5xWcNusyCzHEvrwjmkDNuW67WS80I1blcmLfb6p5wBQXWU2zesnHw==",
      "requires": {
        "react-scrollchor": "^6.0.0"
      }
    }
  }
}
